PODS:
  - Banked (0.0.23):
    - Sentry (= 7.9.0)
  - Sentry (7.9.0):
    - Sentry/Core (= 7.9.0)
  - Sentry/Core (7.9.0)

DEPENDENCIES:
  - Banked

SPEC REPOS:
  trunk:
    - Banked
    - Sentry

SPEC CHECKSUMS:
  Banked: 9efbd851c6db05f21df824ff2338ac2155f1a3cf
  Sentry: 2f7e91f247cfb05b05bd01e0b5d0692557a7687b

PODFILE CHECKSUM: ed6d79bc51c72d1f9973ba92b3b4dc3e518c2f63

COCOAPODS: 1.11.2
